// !$*UTF8*$!
{
	archiveVersion = 1;
	classes = {
	};
	objectVersion = 56;
	objects = {

/* Begin PBXBuildFile section */
		64F3ECA8291A7F9E006A4EAD /* AppDelegate.swift in Sources */ = {isa = PBXBuildFile; fileRef = 64F3ECA7291A7F9E006A4EAD /* AppDelegate.swift */; };
		64F3ECAA291A7F9E006A4EAD /* SceneDelegate.swift in Sources */ = {isa = PBXBuildFile; fileRef = 64F3ECA9291A7F9E006A4EAD /* SceneDelegate.swift */; };
		64F3ECAC291A7F9E006A4EAD /* ViewController.swift in Sources */ = {isa = PBXBuildFile; fileRef = 64F3ECAB291A7F9E006A4EAD /* ViewController.swift */; };
		64F3ECAF291A7F9E006A4EAD /* Main.storyboard in Resources */ = {isa = PBXBuildFile; fileRef = 64F3ECAD291A7F9E006A4EAD /* Main.storyboard */; };
		64F3ECB1291A7F9F006A4EAD /* Assets.xcassets in Resources */ = {isa = PBXBuildFile; fileRef = 64F3ECB0291A7F9F006A4EAD /* Assets.xcassets */; };
		64F3ECB4291A7F9F006A4EAD /* LaunchScreen.storyboard in Resources */ = {isa = PBXBuildFile; fileRef = 64F3ECB2291A7F9F006A4EAD /* LaunchScreen.storyboard */; };
		64F3ECBF291A7F9F006A4EAD /* ios_01_simplecalculator_uriTests.swift in Sources */ = {isa = PBXBuildFile; fileRef = 64F3ECBE291A7F9F006A4EAD /* ios_01_simplecalculator_uriTests.swift */; };
		64F3ECC9291A7F9F006A4EAD /* ios_01_simplecalculator_uriUITests.swift in Sources */ = {isa = PBXBuildFile; fileRef = 64F3ECC8291A7F9F006A4EAD /* ios_01_simplecalculator_uriUITests.swift */; };
		64F3ECCB291A7F9F006A4EAD /* ios_01_simplecalculator_uriUITestsLaunchTests.swift in Sources */ = {isa = PBXBuildFile; fileRef = 64F3ECCA291A7F9F006A4EAD /* ios_01_simplecalculator_uriUITestsLaunchTests.swift */; };
/* End PBXBuildFile section */

/* Begin PBXContainerItemProxy section */
		64F3ECBB291A7F9F006A4EAD /* PBXContainerItemProxy */ = {
			isa = PBXContainerItemProxy;
			containerPortal = 64F3EC9C291A7F9E006A4EAD /* Project object */;
			proxyType = 1;
			remoteGlobalIDString = 64F3ECA3291A7F9E006A4EAD;
			remoteInfo = ios_01_simplecalculator_uri;
		};
		64F3ECC5291A7F9F006A4EAD /* PBXContainerItemProxy */ = {
			isa = PBXContainerItemProxy;
			containerPortal = 64F3EC9C291A7F9E006A4EAD /* Project object */;
			proxyType = 1;
			remoteGlobalIDString = 64F3ECA3291A7F9E006A4EAD;
			remoteInfo = ios_01_simplecalculator_uri;
		};
/* End PBXContainerItemProxy section */

/* Begin PBXFileReference section */
		64F3ECA4291A7F9E006A4EAD /* ios_01_simplecalculator_uri.app */ = {isa = PBXFileReference; explicitFileType = wrapper.application; includeInIndex = 0; path = ios_01_simplecalculator_uri.app; sourceTree = BUILT_PRODUCTS_DIR; };
		64F3ECA7291A7F9E006A4EAD /* AppDelegate.swift */ = {isa = PBXFileReference; lastKnownFileType = sourcecode.swift; path = AppDelegate.swift; sourceTree = "<group>"; };
		64F3ECA9291A7F9E006A4EAD /* SceneDelegate.swift */ = {isa = PBXFileReference; lastKnownFileType = sourcecode.swift; path = SceneDelegate.swift; sourceTree = "<group>"; };
		64F3ECAB291A7F9E006A4EAD /* ViewController.swift */ = {isa = PBXFileReference; lastKnownFileType = sourcecode.swift; path = ViewController.swift; sourceTree = "<group>"; };
		64F3ECAE291A7F9E006A4EAD /* Base */ = {isa = PBXFileReference; lastKnownFileType = file.storyboard; name = Base; path = Base.lproj/Main.storyboard; sourceTree = "<group>"; };
		64F3ECB0291A7F9F006A4EAD /* Assets.xcassets */ = {isa = PBXFileReference; lastKnownFileType = folder.assetcatalog; path = Assets.xcassets; sourceTree = "<group>"; };
		64F3ECB3291A7F9F006A4EAD /* Base */ = {isa = PBXFileReference; lastKnownFileType = file.storyboard; name = Base; path = Base.lproj/LaunchScreen.storyboard; sourceTree = "<group>"; };
		64F3ECB5291A7F9F006A4EAD /* Info.plist */ = {isa = PBXFileReference; lastKnownFileType = text.plist.xml; path = Info.plist; sourceTree = "<group>"; };
		64F3ECBA291A7F9F006A4EAD /* ios_01_simplecalculator_uriTests.xctest */ = {isa = PBXFileReference; explicitFileType = wrapper.cfbundle; includeInIndex = 0; path = ios_01_simplecalculator_uriTests.xctest; sourceTree = BUILT_PRODUCTS_DIR; };
		64F3ECBE291A7F9F006A4EAD /* ios_01_simplecalculator_uriTests.swift */ = {isa = PBXFileReference; lastKnownFileType = sourcecode.swift; path = ios_01_simplecalculator_uriTests.swift; sourceTree = "<group>"; };
		64F3ECC4291A7F9F006A4EAD /* ios_01_simplecalculator_uriUITests.xctest */ = {isa = PBXFileReference; explicitFileType = wrapper.cfbundle; includeInIndex = 0; path = ios_01_simplecalculator_uriUITests.xctest; sourceTree = BUILT_PRODUCTS_DIR; };
		64F3ECC8291A7F9F006A4EAD /* ios_01_simplecalculator_uriUITests.swift */ = {isa = PBXFileReference; lastKnownFileType = sourcecode.swift; path = ios_01_simplecalculator_uriUITests.swift; sourceTree = "<group>"; };
		64F3ECCA291A7F9F006A4EAD /* ios_01_simplecalculator_uriUITestsLaunchTests.swift */ = {isa = PBXFileReference; lastKnownFileType = sourcecode.swift; path = ios_01_simplecalculator_uriUITestsLaunchTests.swift; sourceTree = "<group>"; };
/* End PBXFileReference section */

/* Begin PBXFrameworksBuildPhase section */
		64F3ECA1291A7F9E006A4EAD /* Frameworks */ = {
			isa = PBXFrameworksBuildPhase;
			buildActionMask = 2147483647;
			files = (
			);
			runOnlyForDeploymentPostprocessing = 0;
		};
		64F3ECB7291A7F9F006A4EAD /* Frameworks */ = {
			isa = PBXFrameworksBuildPhase;
			buildActionMask = 2147483647;
			files = (
			);
			runOnlyForDeploymentPostprocessing = 0;
		};
		64F3ECC1291A7F9F006A4EAD /* Frameworks */ = {
			isa = PBXFrameworksBuildPhase;
			buildActionMask = 2147483647;
			files = (
			);
			runOnlyForDeploymentPostprocessing = 0;
		};
/* End PBXFrameworksBuildPhase section */

/* Begin PBXGroup section */
		64F3EC9B291A7F9E006A4EAD = {
			isa = PBXGroup;
			children = (
				64F3ECA6291A7F9E006A4EAD /* ios_01_simplecalculator_uri */,
				64F3ECBD291A7F9F006A4EAD /* ios_01_simplecalculator_uriTests */,
				64F3ECC7291A7F9F006A4EAD /* ios_01_simplecalculator_uriUITests */,
				64F3ECA5291A7F9E006A4EAD /* Products */,
			);
			sourceTree = "<group>";
		};
		64F3ECA5291A7F9E006A4EAD /* Products */ = {
			isa = PBXGroup;
			children = (
				64F3ECA4291A7F9E006A4EAD /* ios_01_simplecalculator_uri.app */,
				64F3ECBA291A7F9F006A4EAD /* ios_01_simplecalculator_uriTests.xctest */,
				64F3ECC4291A7F9F006A4EAD /* ios_01_simplecalculator_uriUITests.xctest */,
			);
			name = Products;
			sourceTree = "<group>";
		};
		64F3ECA6291A7F9E006A4EAD /* ios_01_simplecalculator_uri */ = {
			isa = PBXGroup;
			children = (
				64F3ECA7291A7F9E006A4EAD /* AppDelegate.swift */,
				64F3ECA9291A7F9E006A4EAD /* SceneDelegate.swift */,
				64F3ECAB291A7F9E006A4EAD /* ViewController.swift */,
				64F3ECAD291A7F9E006A4EAD /* Main.storyboard */,
				64F3ECB0291A7F9F006A4EAD /* Assets.xcassets */,
				64F3ECB2291A7F9F006A4EAD /* LaunchScreen.storyboard */,
				64F3ECB5291A7F9F006A4EAD /* Info.plist */,
			);
			path = ios_01_simplecalculator_uri;
			sourceTree = "<group>";
		};
		64F3ECBD291A7F9F006A4EAD /* ios_01_simplecalculator_uriTests */ = {
			isa = PBXGroup;
			children = (
				64F3ECBE291A7F9F006A4EAD /* ios_01_simplecalculator_uriTests.swift */,
			);
			path = ios_01_simplecalculator_uriTests;
			sourceTree = "<group>";
		};
		64F3ECC7291A7F9F006A4EAD /* ios_01_simplecalculator_uriUITests */ = {
			isa = PBXGroup;
			children = (
				64F3ECC8291A7F9F006A4EAD /* ios_01_simplecalculator_uriUITests.swift */,
				64F3ECCA291A7F9F006A4EAD /* ios_01_simplecalculator_uriUITestsLaunchTests.swift */,
			);
			path = ios_01_simplecalculator_uriUITests;
			sourceTree = "<group>";
		};
/* End PBXGroup section */

/* Begin PBXNativeTarget section */
		64F3ECA3291A7F9E006A4EAD /* ios_01_simplecalculator_uri */ = {
			isa = PBXNativeTarget;
			buildConfigurationList = 64F3ECCE291A7F9F006A4EAD /* Build configuration list for PBXNativeTarget "ios_01_simplecalculator_uri" */;
			buildPhases = (
				64F3ECA0291A7F9E006A4EAD /* Sources */,
				64F3ECA1291A7F9E006A4EAD /* Frameworks */,
				64F3ECA2291A7F9E006A4EAD /* Resources */,
			);
			buildRules = (
			);
			dependencies = (
			);
			name = ios_01_simplecalculator_uri;
			productName = ios_01_simplecalculator_uri;
			productReference = 64F3ECA4291A7F9E006A4EAD /* ios_01_simplecalculator_uri.app */;
			productType = "com.apple.product-type.application";
		};
		64F3ECB9291A7F9F006A4EAD /* ios_01_simplecalculator_uriTests */ = {
			isa = PBXNativeTarget;
			buildConfigurationList = 64F3ECD1291A7F9F006A4EAD /* Build configuration list for PBXNativeTarget "ios_01_simplecalculator_uriTests" */;
			buildPhases = (
				64F3ECB6291A7F9F006A4EAD /* Sources */,
				64F3ECB7291A7F9F006A4EAD /* Frameworks */,
				64F3ECB8291A7F9F006A4EAD /* Resources */,
			);
			buildRules = (
			);
			dependencies = (
				64F3ECBC291A7F9F006A4EAD /* PBXTargetDependency */,
			);
			name = ios_01_simplecalculator_uriTests;
			productName = ios_01_simplecalculator_uriTests;
			productReference = 64F3ECBA291A7F9F006A4EAD /* ios_01_simplecalculator_uriTests.xctest */;
			productType = "com.apple.product-type.bundle.unit-test";
		};
		64F3ECC3291A7F9F006A4EAD /* ios_01_simplecalculator_uriUITests */ = {
			isa = PBXNativeTarget;
			buildConfigurationList = 64F3ECD4291A7F9F006A4EAD /* Build configuration list for PBXNativeTarget "ios_01_simplecalculator_uriUITests" */;
			buildPhases = (
				64F3ECC0291A7F9F006A4EAD /* Sources */,
				64F3ECC1291A7F9F006A4EAD /* Frameworks */,
				64F3ECC2291A7F9F006A4EAD /* Resources */,
			);
			buildRules = (
			);
			dependencies = (
				64F3ECC6291A7F9F006A4EAD /* PBXTargetDependency */,
			);
			name = ios_01_simplecalculator_uriUITests;
			productName = ios_01_simplecalculator_uriUITests;
			productReference = 64F3ECC4291A7F9F006A4EAD /* ios_01_simplecalculator_uriUITests.xctest */;
			productType = "com.apple.product-type.bundle.ui-testing";
		};
/* End PBXNativeTarget section */

/* Begin PBXProject section */
		64F3EC9C291A7F9E006A4EAD /* Project object */ = {
			isa = PBXProject;
			attributes = {
				BuildIndependentTargetsInParallel = 1;
				LastSwiftUpdateCheck = 1410;
				LastUpgradeCheck = 1410;
				TargetAttributes = {
					64F3ECA3291A7F9E006A4EAD = {
						CreatedOnToolsVersion = 14.1;
					};
					64F3ECB9291A7F9F006A4EAD = {
						CreatedOnToolsVersion = 14.1;
						TestTargetID = 64F3ECA3291A7F9E006A4EAD;
					};
					64F3ECC3291A7F9F006A4EAD = {
						CreatedOnToolsVersion = 14.1;
						TestTargetID = 64F3ECA3291A7F9E006A4EAD;
					};
				};
			};
			buildConfigurationList = 64F3EC9F291A7F9E006A4EAD /* Build configuration list for PBXProject "ios_01_simplecalculator_uri" */;
			compatibilityVersion = "Xcode 14.0";
			developmentRegion = en;
			hasScannedForEncodings = 0;
			knownRegions = (
				en,
				Base,
			);
			mainGroup = 64F3EC9B291A7F9E006A4EAD;
			productRefGroup = 64F3ECA5291A7F9E006A4EAD /* Products */;
			projectDirPath = "";
			projectRoot = "";
			targets = (
				64F3ECA3291A7F9E006A4EAD /* ios_01_simplecalculator_uri */,
				64F3ECB9291A7F9F006A4EAD /* ios_01_simplecalculator_uriTests */,
				64F3ECC3291A7F9F006A4EAD /* ios_01_simplecalculator_uriUITests */,
			);
		};
/* End PBXProject section */

/* Begin PBXResourcesBuildPhase section */
		64F3ECA2291A7F9E006A4EAD /* Resources */ = {
			isa = PBXResourcesBuildPhase;
			buildActionMask = 2147483647;
			files = (
				64F3ECB4291A7F9F006A4EAD /* LaunchScreen.storyboard in Resources */,
				64F3ECB1291A7F9F006A4EAD /* Assets.xcassets in Resources */,
				64F3ECAF291A7F9E006A4EAD /* Main.storyboard in Resources */,
			);
			runOnlyForDeploymentPostprocessing = 0;
		};
		64F3ECB8291A7F9F006A4EAD /* Resources */ = {
			isa = PBXResourcesBuildPhase;
			buildActionMask = 2147483647;
			files = (
			);
			runOnlyForDeploymentPostprocessing = 0;
		};
		64F3ECC2291A7F9F006A4EAD /* Resources */ = {
			isa = PBXResourcesBuildPhase;
			buildActionMask = 2147483647;
			files = (
			);
			runOnlyForDeploymentPostprocessing = 0;
		};
/* End PBXResourcesBuildPhase section */

/* Begin PBXSourcesBuildPhase section */
		64F3ECA0291A7F9E006A4EAD /* Sources */ = {
			isa = PBXSourcesBuildPhase;
			buildActionMask = 2147483647;
			files = (
				64F3ECAC291A7F9E006A4EAD /* ViewController.swift in Sources */,
				64F3ECA8291A7F9E006A4EAD /* AppDelegate.swift in Sources */,
				64F3ECAA291A7F9E006A4EAD /* SceneDelegate.swift in Sources */,
			);
			runOnlyForDeploymentPostprocessing = 0;
		};
		64F3ECB6291A7F9F006A4EAD /* Sources */ = {
			isa = PBXSourcesBuildPhase;
			buildActionMask = 2147483647;
			files = (
				64F3ECBF291A7F9F006A4EAD /* ios_01_simplecalculator_uriTests.swift in Sources */,
			);
			runOnlyForDeploymentPostprocessing = 0;
		};
		64F3ECC0291A7F9F006A4EAD /* Sources */ = {
			isa = PBXSourcesBuildPhase;
			buildActionMask = 2147483647;
			files = (
				64F3ECCB291A7F9F006A4EAD /* ios_01_simplecalculator_uriUITestsLaunchTests.swift in Sources */,
				64F3ECC9291A7F9F006A4EAD /* ios_01_simplecalculator_uriUITests.swift in Sources */,
			);
			runOnlyForDeploymentPostprocessing = 0;
		};
/* End PBXSourcesBuildPhase section */

/* Begin PBXTargetDependency section */
		64F3ECBC291A7F9F006A4EAD /* PBXTargetDependency */ = {
			isa = PBXTargetDependency;
			target = 64F3ECA3291A7F9E006A4EAD /* ios_01_simplecalculator_uri */;
			targetProxy = 64F3ECBB291A7F9F006A4EAD /* PBXContainerItemProxy */;
		};
		64F3ECC6291A7F9F006A4EAD /* PBXTargetDependency */ = {
			isa = PBXTargetDependency;
			target = 64F3ECA3291A7F9E006A4EAD /* ios_01_simplecalculator_uri */;
			targetProxy = 64F3ECC5291A7F9F006A4EAD /* PBXContainerItemProxy */;
		};
/* End PBXTargetDependency section */

/* Begin PBXVariantGroup section */
		64F3ECAD291A7F9E006A4EAD /* Main.storyboard */ = {
			isa = PBXVariantGroup;
			children = (
				64F3ECAE291A7F9E006A4EAD /* Base */,
			);
			name = Main.storyboard;
			sourceTree = "<group>";
		};
		64F3ECB2291A7F9F006A4EAD /* LaunchScreen.storyboard */ = {
			isa = PBXVariantGroup;
			children = (
				64F3ECB3291A7F9F006A4EAD /* Base */,
			);
			name = LaunchScreen.storyboard;
			sourceTree = "<group>";
		};
/* End PBXVariantGroup section */

/* Begin XCBuildConfiguration section */
		64F3ECCC291A7F9F006A4EAD /* Debug */ = {
			isa = XCBuildConfiguration;
			buildSettings = {
				ALWAYS_SEARCH_USER_PATHS = NO;
				CLANG_ANALYZER_NONNULL = YES;
				CLANG_ANALYZER_NUMBER_OBJECT_CONVERSION = YES_AGGRESSIVE;
				CLANG_CXX_LANGUAGE_STANDARD = "gnu++20";
				CLANG_ENABLE_MODULES = YES;
				CLANG_ENABLE_OBJC_ARC = YES;
				CLANG_ENABLE_OBJC_WEAK = YES;
				CLANG_WARN_BLOCK_CAPTURE_AUTORELEASING = YES;
				CLANG_WARN_BOOL_CONVERSION = YES;
				CLANG_WARN_COMMA = YES;
				CLANG_WARN_CONSTANT_CONVERSION = YES;
				CLANG_WARN_DEPRECATED_OBJC_IMPLEMENTATIONS = YES;
				CLANG_WARN_DIRECT_OBJC_ISA_USAGE = YES_ERROR;
				CLANG_WARN_DOCUMENTATION_COMMENTS = YES;
				CLANG_WARN_EMPTY_BODY = YES;
				CLANG_WARN_ENUM_CONVERSION = YES;
				CLANG_WARN_INFINITE_RECURSION = YES;
				CLANG_WARN_INT_CONVERSION = YES;
				CLANG_WARN_NON_LITERAL_NULL_CONVERSION = YES;
				CLANG_WARN_OBJC_IMPLICIT_RETAIN_SELF = YES;
				CLANG_WARN_OBJC_LITERAL_CONVERSION = YES;
				CLANG_WARN_OBJC_ROOT_CLASS = YES_ERROR;
				CLANG_WARN_QUOTED_INCLUDE_IN_FRAMEWORK_HEADER = YES;
				CLANG_WARN_RANGE_LOOP_ANALYSIS = YES;
				CLANG_WARN_STRICT_PROTOTYPES = YES;
				CLANG_WARN_SUSPICIOUS_MOVE = YES;
				CLANG_WARN_UNGUARDED_AVAILABILITY = YES_AGGRESSIVE;
				CLANG_WARN_UNREACHABLE_CODE = YES;
				CLANG_WARN__DUPLICATE_METHOD_MATCH = YES;
				COPY_PHASE_STRIP = NO;
				DEBUG_INFORMATION_FORMAT = dwarf;
				ENABLE_STRICT_OBJC_MSGSEND = YES;
				ENABLE_TESTABILITY = YES;
				GCC_C_LANGUAGE_STANDARD = gnu11;
				GCC_DYNAMIC_NO_PIC = NO;
				GCC_NO_COMMON_BLOCKS = YES;
				GCC_OPTIMIZATION_LEVEL = 0;
				GCC_PREPROCESSOR_DEFINITIONS = (
					"DEBUG=1",
					"$(inherited)",
				);
				GCC_WARN_64_TO_32_BIT_CONVERSION = YES;
				GCC_WARN_ABOUT_RETURN_TYPE = YES_ERROR;
				GCC_WARN_UNDECLARED_SELECTOR = YES;
				GCC_WARN_UNINITIALIZED_AUTOS = YES_AGGRESSIVE;
				GCC_WARN_UNUSED_FUNCTION = YES;
				GCC_WARN_UNUSED_VARIABLE = YES;
				IPHONEOS_DEPLOYMENT_TARGET = 16.1;
				MTL_ENABLE_DEBUG_INFO = INCLUDE_SOURCE;
				MTL_FAST_MATH = YES;
				ONLY_ACTIVE_ARCH = YES;
				SDKROOT = iphoneos;
				SWIFT_ACTIVE_COMPILATION_CONDITIONS = DEBUG;
				SWIFT_OPTIMIZATION_LEVEL = "-Onone";
			};
			name = Debug;
		};
		64F3ECCD291A7F9F006A4EAD /* Release */ = {
			isa = XCBuildConfiguration;
			buildSettings = {
				ALWAYS_SEARCH_USER_PATHS = NO;
				CLANG_ANALYZER_NONNULL = YES;
				CLANG_ANALYZER_NUMBER_OBJECT_CONVERSION = YES_AGGRESSIVE;
				CLANG_CXX_LANGUAGE_STANDARD = "gnu++20";
				CLANG_ENABLE_MODULES = YES;
				CLANG_ENABLE_OBJC_ARC = YES;
				CLANG_ENABLE_OBJC_WEAK = YES;
				CLANG_WARN_BLOCK_CAPTURE_AUTORELEASING = YES;
				CLANG_WARN_BOOL_CONVERSION = YES;
				CLANG_WARN_COMMA = YES;
				CLANG_WARN_CONSTANT_CONVERSION = YES;
				CLANG_WARN_DEPRECATED_OBJC_IMPLEMENTATIONS = YES;
				CLANG_WARN_DIRECT_OBJC_ISA_USAGE = YES_ERROR;
				CLANG_WARN_DOCUMENTATION_COMMENTS = YES;
				CLANG_WARN_EMPTY_BODY = YES;
				CLANG_WARN_ENUM_CONVERSION = YES;
				CLANG_WARN_INFINITE_RECURSION = YES;
				CLANG_WARN_INT_CONVERSION = YES;
				CLANG_WARN_NON_LITERAL_NULL_CONVERSION = YES;
				CLANG_WARN_OBJC_IMPLICIT_RETAIN_SELF = YES;
				CLANG_WARN_OBJC_LITERAL_CONVERSION = YES;
				CLANG_WARN_OBJC_ROOT_CLASS = YES_ERROR;
				CLANG_WARN_QUOTED_INCLUDE_IN_FRAMEWORK_HEADER = YES;
				CLANG_WARN_RANGE_LOOP_ANALYSIS = YES;
				CLANG_WARN_STRICT_PROTOTYPES = YES;
				CLANG_WARN_SUSPICIOUS_MOVE = YES;
				CLANG_WARN_UNGUARDED_AVAILABILITY = YES_AGGRESSIVE;
				CLANG_WARN_UNREACHABLE_CODE = YES;
				CLANG_WARN__DUPLICATE_METHOD_MATCH = YES;
				COPY_PHASE_STRIP = NO;
				DEBUG_INFORMATION_FORMAT = "dwarf-with-dsym";
				ENABLE_NS_ASSERTIONS = NO;
				ENABLE_STRICT_OBJC_MSGSEND = YES;
				GCC_C_LANGUAGE_STANDARD = gnu11;
				GCC_NO_COMMON_BLOCKS = YES;
				GCC_WARN_64_TO_32_BIT_CONVERSION = YES;
				GCC_WARN_ABOUT_RETURN_TYPE = YES_ERROR;
				GCC_WARN_UNDECLARED_SELECTOR = YES;
				GCC_WARN_UNINITIALIZED_AUTOS = YES_AGGRESSIVE;
				GCC_WARN_UNUSED_FUNCTION = YES;
				GCC_WARN_UNUSED_VARIABLE = YES;
				IPHONEOS_DEPLOYMENT_TARGET = 16.1;
				MTL_ENABLE_DEBUG_INFO = NO;
				MTL_FAST_MATH = YES;
				SDKROOT = iphoneos;
				SWIFT_COMPILATION_MODE = wholemodule;
				SWIFT_OPTIMIZATION_LEVEL = "-O";
				VALIDATE_PRODUCT = YES;
			};
			name = Release;
		};
		64F3ECCF291A7F9F006A4EAD /* Debug */ = {
			isa = XCBuildConfiguration;
			buildSettings = {
				ASSETCATALOG_COMPILER_APPICON_NAME = AppIcon;
				ASSETCATALOG_COMPILER_GLOBAL_ACCENT_COLOR_NAME = AccentColor;
				CODE_SIGN_STYLE = Automatic;
				CURRENT_PROJECT_VERSION = 1;
				GENERATE_INFOPLIST_FILE = YES;
				INFOPLIST_FILE = ios_01_simplecalculator_uri/Info.plist;
				INFOPLIST_KEY_UIApplicationSupportsIndirectInputEvents = YES;
				INFOPLIST_KEY_UILaunchStoryboardName = LaunchScreen;
				INFOPLIST_KEY_UIMainStoryboardFile = Main;
				INFOPLIST_KEY_UISupportedInterfaceOrientations_iPad = "UIInterfaceOrientationPortrait UIInterfaceOrientationPortraitUpsideDown UIInterfaceOrientationLandscapeLeft UIInterfaceOrientationLandscapeRight";
				INFOPLIST_KEY_UISupportedInterfaceOrientations_iPhone = "UIInterfaceOrientationPortrait UIInterfaceOrientationLandscapeLeft UIInterfaceOrientationLandscapeRight";
				LD_RUNPATH_SEARCH_PATHS = (
					"$(inherited)",
					"@executable_path/Frameworks",
				);
				MARKETING_VERSION = 1.0;
				PRODUCT_BUNDLE_IDENTIFIER = "com.mednologic.ios-01-simplecalculator-uri";
				PRODUCT_NAME = "$(TARGET_NAME)";
				SWIFT_EMIT_LOC_STRINGS = YES;
				SWIFT_VERSION = 5.0;
				TARGETED_DEVICE_FAMILY = "1,2";
			};
			name = Debug;
		};
		64F3ECD0291A7F9F006A4EAD /* Release */ = {
			isa = XCBuildConfiguration;
			buildSettings = {
				ASSETCATALOG_COMPILER_APPICON_NAME = AppIcon;
				ASSETCATALOG_COMPILER_GLOBAL_ACCENT_COLOR_NAME = AccentColor;
				CODE_SIGN_STYLE = Automatic;
				CURRENT_PROJECT_VERSION = 1;
				GENERATE_INFOPLIST_FILE = YES;
				INFOPLIST_FILE = ios_01_simplecalculator_uri/Info.plist;
				INFOPLIST_KEY_UIApplicationSupportsIndirectInputEvents = YES;
				INFOPLIST_KEY_UILaunchStoryboardName = LaunchScreen;
				INFOPLIST_KEY_UIMainStoryboardFile = Main;
				INFOPLIST_KEY_UISupportedInterfaceOrientations_iPad = "UIInterfaceOrientationPortrait UIInterfaceOrientationPortraitUpsideDown UIInterfaceOrientationLandscapeLeft UIInterfaceOrientationLandscapeRight";
				INFOPLIST_KEY_UISupportedInterfaceOrientations_iPhone = "UIInterfaceOrientationPortrait UIInterfaceOrientationLandscapeLeft UIInterfaceOrientationLandscapeRight";
				LD_RUNPATH_SEARCH_PATHS = (
					"$(inherited)",
					"@executable_path/Frameworks",
				);
				MARKETING_VERSION = 1.0;
				PRODUCT_BUNDLE_IDENTIFIER = "com.mednologic.ios-01-simplecalculator-uri";
				PRODUCT_NAME = "$(TARGET_NAME)";
				SWIFT_EMIT_LOC_STRINGS = YES;
				SWIFT_VERSION = 5.0;
				TARGETED_DEVICE_FAMILY = "1,2";
			};
			name = Release;
		};
		64F3ECD2291A7F9F006A4EAD /* Debug */ = {
			isa = XCBuildConfiguration;
			buildSettings = {
				ALWAYS_EMBED_SWIFT_STANDARD_LIBRARIES = YES;
				BUNDLE_LOADER = "$(TEST_HOST)";
				CODE_SIGN_STYLE = Automatic;
				CURRENT_PROJECT_VERSION = 1;
				GENERATE_INFOPLIST_FILE = YES;
				IPHONEOS_DEPLOYMENT_TARGET = 16.1;
				MARKETING_VERSION = 1.0;
				PRODUCT_BUNDLE_IDENTIFIER = "com.mednologic.ios-01-simplecalculator-uriTests";
				PRODUCT_NAME = "$(TARGET_NAME)";
				SWIFT_EMIT_LOC_STRINGS = NO;
				SWIFT_VERSION = 5.0;
				TARGETED_DEVICE_FAMILY = "1,2";
				TEST_HOST = "$(BUILT_PRODUCTS_DIR)/ios_01_simplecalculator_uri.app/$(BUNDLE_EXECUTABLE_FOLDER_PATH)/ios_01_simplecalculator_uri";
			};
			name = Debug;
		};
		64F3ECD3291A7F9F006A4EAD /* Release */ = {
			isa = XCBuildConfiguration;
			buildSettings = {
				ALWAYS_EMBED_SWIFT_STANDARD_LIBRARIES = YES;
				BUNDLE_LOADER = "$(TEST_HOST)";
				CODE_SIGN_STYLE = Automatic;
				CURRENT_PROJECT_VERSION = 1;
				GENERATE_INFOPLIST_FILE = YES;
				IPHONEOS_DEPLOYMENT_TARGET = 16.1;
				MARKETING_VERSION = 1.0;
				PRODUCT_BUNDLE_IDENTIFIER = "com.mednologic.ios-01-simplecalculator-uriTests";
				PRODUCT_NAME = "$(TARGET_NAME)";
				SWIFT_EMIT_LOC_STRINGS = NO;
				SWIFT_VERSION = 5.0;
				TARGETED_DEVICE_FAMILY = "1,2";
				TEST_HOST = "$(BUILT_PRODUCTS_DIR)/ios_01_simplecalculator_uri.app/$(BUNDLE_EXECUTABLE_FOLDER_PATH)/ios_01_simplecalculator_uri";
			};
			name = Release;
		};
		64F3ECD5291A7F9F006A4EAD /* Debug */ = {
			isa = XCBuildConfiguration;
			buildSettings = {
				ALWAYS_EMBED_SWIFT_STANDARD_LIBRARIES = YES;
				CODE_SIGN_STYLE = Automatic;
				CURRENT_PROJECT_VERSION = 1;
				GENERATE_INFOPLIST_FILE = YES;
				MARKETING_VERSION = 1.0;
				PRODUCT_BUNDLE_IDENTIFIER = "com.mednologic.ios-01-simplecalculator-uriUITests";
				PRODUCT_NAME = "$(TARGET_NAME)";
				SWIFT_EMIT_LOC_STRINGS = NO;
				SWIFT_VERSION = 5.0;
				TARGETED_DEVICE_FAMILY = "1,2";
				TEST_TARGET_NAME = ios_01_simplecalculator_uri;
			};
			name = Debug;
		};
		64F3ECD6291A7F9F006A4EAD /* Release */ = {
			isa = XCBuildConfiguration;
			buildSettings = {
				ALWAYS_EMBED_SWIFT_STANDARD_LIBRARIES = YES;
				CODE_SIGN_STYLE = Automatic;
				CURRENT_PROJECT_VERSION = 1;
				GENERATE_INFOPLIST_FILE = YES;
				MARKETING_VERSION = 1.0;
				PRODUCT_BUNDLE_IDENTIFIER = "com.mednologic.ios-01-simplecalculator-uriUITests";
				PRODUCT_NAME = "$(TARGET_NAME)";
				SWIFT_EMIT_LOC_STRINGS = NO;
				SWIFT_VERSION = 5.0;
				TARGETED_DEVICE_FAMILY = "1,2";
				TEST_TARGET_NAME = ios_01_simplecalculator_uri;
			};
			name = Release;
		};
/* End XCBuildConfiguration section */

/* Begin XCConfigurationList section */
		64F3EC9F291A7F9E006A4EAD /* Build configuration list for PBXProject "ios_01_simplecalculator_uri" */ = {
			isa = XCConfigurationList;
			buildConfigurations = (
				64F3ECCC291A7F9F006A4EAD /* Debug */,
				64F3ECCD291A7F9F006A4EAD /* Release */,
			);
			defaultConfigurationIsVisible = 0;
			defaultConfigurationName = Release;
		};
		64F3ECCE291A7F9F006A4EAD /* Build configuration list for PBXNativeTarget "ios_01_simplecalculator_uri" */ = {
			isa = XCConfigurationList;
			buildConfigurations = (
				64F3ECCF291A7F9F006A4EAD /* Debug */,
				64F3ECD0291A7F9F006A4EAD /* Release */,
			);
			defaultConfigurationIsVisible = 0;
			defaultConfigurationName = Release;
		};
		64F3ECD1291A7F9F006A4EAD /* Build configuration list for PBXNativeTarget "ios_01_simplecalculator_uriTests" */ = {
			isa = XCConfigurationList;
			buildConfigurations = (
				64F3ECD2291A7F9F006A4EAD /* Debug */,
				64F3ECD3291A7F9F006A4EAD /* Release */,
			);
			defaultConfigurationIsVisible = 0;
			defaultConfigurationName = Release;
		};
		64F3ECD4291A7F9F006A4EAD /* Build configuration list for PBXNativeTarget "ios_01_simplecalculator_uriUITests" */ = {
			isa = XCConfigurationList;
			buildConfigurations = (
				64F3ECD5291A7F9F006A4EAD /* Debug */,
				64F3ECD6291A7F9F006A4EAD /* Release */,
			);
			defaultConfigurationIsVisible = 0;
			defaultConfigurationName = Release;
		};
/* End XCConfigurationList section */
	};
	rootObject = 64F3EC9C291A7F9E006A4EAD /* Project object */;
}
